Microsoft Visual Studio Solution File, Format Version 12.00
# Visual Studio Version 17
VisualStudioVersion = 17.12.35506.116 d17.12
MinimumVisualStudioVersion = 16.0.0.0
Project("{9A19103F-16F7-4668-BE54-9A1E7A4F7556}") = "MudBlazorApp4", "MudBlazorApp4\MudBlazorApp4.csproj", "{7A513242-CC9B-4673-991A-9E2BF570B380}"
EndProject
Project("{9A19103F-16F7-4668-BE54-9A1E7A4F7556}") = "MudBlazorApp4.Client", "MudBlazorApp4.Client\MudBlazorApp4.Client.csproj", "{9157715B-D6E8-4370-8374-653B313210F0}"
EndProject
Global
	GlobalSection(SolutionConfigurationPlatforms) = preSolution
		Debug|Any CPU = Debug|Any CPU
		Debug|x64 = Debug|x64
		Debug|x86 = Debug|x86
		Release|Any CPU = Release|Any CPU
		Release|x64 = Release|x64
		Release|x86 = Release|x86
	EndGlobalSection
	GlobalSection(ProjectConfigurationPlatforms) = postSolution
		{7A513242-CC9B-4673-991A-9E2BF570B380}.Debug|Any CPU.ActiveCfg = Debug|Any CPU
		{7A513242-CC9B-4673-991A-9E2BF570B380}.Debug|Any CPU.Build.0 = Debug|Any CPU
		{7A513242-CC9B-4673-991A-9E2BF570B380}.Debug|x64.ActiveCfg = Debug|Any CPU
		{7A513242-CC9B-4673-991A-9E2BF570B380}.Debug|x64.Build.0 = Debug|Any CPU
		{7A513242-CC9B-4673-991A-9E2BF570B380}.Debug|x86.ActiveCfg = Debug|Any CPU
		{7A513242-CC9B-4673-991A-9E2BF570B380}.Debug|x86.Build.0 = Debug|Any CPU
		{7A513242-CC9B-4673-991A-9E2BF570B380}.Release|Any CPU.ActiveCfg = Release|Any CPU
		{7A513242-CC9B-4673-991A-9E2BF570B380}.Release|Any CPU.Build.0 = Release|Any CPU
		{7A513242-CC9B-4673-991A-9E2BF570B380}.Release|x64.ActiveCfg = Release|Any CPU
		{7A513242-CC9B-4673-991A-9E2BF570B380}.Release|x64.Build.0 = Release|Any CPU
		{7A513242-CC9B-4673-991A-9E2BF570B380}.Release|x86.ActiveCfg = Release|Any CPU
		{7A513242-CC9B-4673-991A-9E2BF570B380}.Release|x86.Build.0 = Release|Any CPU
		{9157715B-D6E8-4370-8374-653B313210F0}.Debug|Any CPU.ActiveCfg = Debug|Any CPU
		{9157715B-D6E8-4370-8374-653B313210F0}.Debug|Any CPU.Build.0 = Debug|Any CPU
		{9157715B-D6E8-4370-8374-653B313210F0}.Debug|x64.ActiveCfg = Debug|Any CPU
		{9157715B-D6E8-4370-8374-653B313210F0}.Debug|x64.Build.0 = Debug|Any CPU
		{9157715B-D6E8-4370-8374-653B313210F0}.Debug|x86.ActiveCfg = Debug|Any CPU
		{9157715B-D6E8-4370-8374-653B313210F0}.Debug|x86.Build.0 = Debug|Any CPU
		{9157715B-D6E8-4370-8374-653B313210F0}.Release|Any CPU.ActiveCfg = Release|Any CPU
		{9157715B-D6E8-4370-8374-653B313210F0}.Release|Any CPU.Build.0 = Release|Any CPU
		{9157715B-D6E8-4370-8374-653B313210F0}.Release|x64.ActiveCfg = Release|Any CPU
		{9157715B-D6E8-4370-8374-653B313210F0}.Release|x64.Build.0 = Release|Any CPU
		{9157715B-D6E8-4370-8374-653B313210F0}.Release|x86.ActiveCfg = Release|Any CPU
		{9157715B-D6E8-4370-8374-653B313210F0}.Release|x86.Build.0 = Release|Any CPU
	EndGlobalSection
	GlobalSection(SolutionProperties) = preSolution
		HideSolutionNode = FALSE
	EndGlobalSection
	GlobalSection(ExtensibilityGlobals) = postSolution
		SolutionGuid = {05147395-882E-4931-A61F-0BDCDAFE8504}
	EndGlobalSection
EndGlobal
